<?xml version="1.0" encoding="utf-8"?>
<Project ToolsVersion="4.0" xmlns="http://schemas.microsoft.com/developer/msbuild/2003">
  <ItemGroup>
    <Filter Include="소스 파일">
      <UniqueIdentifier>{4FC737F1-C7A5-4376-A066-2A32D752A2FF}</UniqueIdentifier>
      <Extensions>cpp;c;cc;cxx;def;odl;idl;hpj;bat;asm;asmx</Extensions>
    </Filter>
    <Filter Include="헤더 파일">
      <UniqueIdentifier>{93995380-89BD-4b04-88EB-625FBE52EBFB}</UniqueIdentifier>
      <Extensions>h;hh;hpp;hxx;hm;inl;inc;xsd</Extensions>
    </Filter>
    <Filter Include="리소스 파일">
      <UniqueIdentifier>{67DA6AB6-F800-4c08-8B7A-83BB121AAD01}</UniqueIdentifier>
      <Extensions>rc;ico;cur;bmp;dlg;rc2;rct;bin;rgs;gif;jpg;jpeg;jpe;resx;tiff;tif;png;wav;mfcribbon-ms</Extensions>
    </Filter>
  </ItemGroup>
  <ItemGroup>
    <ClCompile Include="2920(음계).cpp">
      <Filter>소스 파일</Filter>
    </ClCompile>
    <ClCompile Include="2953(나는 요리사다).cpp">
      <Filter>소스 파일</Filter>
    </ClCompile>
    <ClCompile Include="3052(나머지).cpp">
      <Filter>소스 파일</Filter>
    </ClCompile>
    <ClCompile Include="2846(오르막길).cpp">
      <Filter>소스 파일</Filter>
    </ClCompile>
    <ClCompile Include="1448(삼각형 만들기).cpp">
      <Filter>소스 파일</Filter>
    </ClCompile>
    <ClCompile Include="1978의 외전%28소수확인%29.cpp">
      <Filter>소스 파일</Filter>
    </ClCompile>
    <ClCompile Include="1629(곱셈).cpp">
      <Filter>소스 파일</Filter>
    </ClCompile>
    <ClCompile Include="1037(약수).cpp">
      <Filter>소스 파일</Filter>
    </ClCompile>
    <ClCompile Include="1145(적어도 대부분의 배수).cpp">
      <Filter>소스 파일</Filter>
    </ClCompile>
    <ClCompile Include="1111(IQ Test).cpp">
      <Filter>소스 파일</Filter>
    </ClCompile>
    <ClCompile Include="1463(1로 만들기).cpp">
      <Filter>소스 파일</Filter>
    </ClCompile>
    <ClCompile Include="1110(더하기 사이클).cpp">
      <Filter>소스 파일</Filter>
    </ClCompile>
    <ClCompile Include="4344%28평균은 넘겠지%29.cpp">
      <Filter>소스 파일</Filter>
    </ClCompile>
    <ClCompile Include="1019(책 페이지).cpp">
      <Filter>소스 파일</Filter>
    </ClCompile>
    <ClCompile Include="10871(X보다 작은 수).cpp">
      <Filter>소스 파일</Filter>
    </ClCompile>
    <ClCompile Include="2017 정보올림피아드(2번).cpp">
      <Filter>소스 파일</Filter>
    </ClCompile>
    <ClCompile Include="1339(단어 수학).cpp">
      <Filter>소스 파일</Filter>
    </ClCompile>
    <ClCompile Include="11721(열 개씩 끊어 출력하기).cpp">
      <Filter>소스 파일</Filter>
    </ClCompile>
    <ClCompile Include="11778(피보나치 수의 최대공약수).cpp">
      <Filter>소스 파일</Filter>
    </ClCompile>
    <ClCompile Include="2153(소수단어).cpp">
      <Filter>소스 파일</Filter>
    </ClCompile>
    <ClCompile Include="14863(서울에서 경산까지) - 정보올림피아드3번.cpp">
      <Filter>소스 파일</Filter>
    </ClCompile>
    <ClCompile Include="148964%28줄서기%29 - 34회 초등부 올림피아드 전국대회 4번.cpp">
      <Filter>소스 파일</Filter>
    </ClCompile>
    <ClCompile Include="2193(이친수).cpp">
      <Filter>소스 파일</Filter>
    </ClCompile>
    <ClCompile Include="1914%28하노이탑%29.c">
      <Filter>소스 파일</Filter>
    </ClCompile>
    <ClCompile Include="18033(사과).cpp">
      <Filter>소스 파일</Filter>
    </ClCompile>
    <ClCompile Include="10834(벨트).cpp">
      <Filter>소스 파일</Filter>
    </ClCompile>
    <ClCompile Include="13301(타일 장식물).cpp">
      <Filter>소스 파일</Filter>
    </ClCompile>
    <ClCompile Include="3474(교수가 된 현우).cpp">
      <Filter>소스 파일</Filter>
    </ClCompile>
    <ClCompile Include="3474(교수가 된 현우 - 개정판).cpp">
      <Filter>소스 파일</Filter>
    </ClCompile>
    <ClCompile Include="리조트(33회 초등부 정보올림피아드 3번).cpp">
      <Filter>소스 파일</Filter>
    </ClCompile>
    <ClCompile Include="3079(상근이의 체스판).cpp">
      <Filter>소스 파일</Filter>
    </ClCompile>
    <ClCompile Include="보행자 천국%282017 카카오 코드 페스티벌 예선 2번%29.cpp">
      <Filter>소스 파일</Filter>
    </ClCompile>
    <ClCompile Include="1149(RGB 거리).cpp">
      <Filter>소스 파일</Filter>
    </ClCompile>
    <ClCompile Include="9095%281,2,3 더하기%29.cpp">
      <Filter>소스 파일</Filter>
    </ClCompile>
    <ClCompile Include="1932(정수 삼각형).cpp">
      <Filter>소스 파일</Filter>
    </ClCompile>
    <ClCompile Include="2293(동전1).cpp">
      <Filter>소스 파일</Filter>
    </ClCompile>
    <ClCompile Include="2163(초콜릿 만들기).cpp">
      <Filter>소스 파일</Filter>
    </ClCompile>
    <ClCompile Include="1563(개근상).cpp">
      <Filter>소스 파일</Filter>
    </ClCompile>
    <ClCompile Include="5557(1학년).cpp">
      <Filter>소스 파일</Filter>
    </ClCompile>
    <ClCompile Include="4276(0이 몇 개).cpp">
      <Filter>소스 파일</Filter>
    </ClCompile>
    <ClCompile Include="11726(2xn 타일링).cpp">
      <Filter>소스 파일</Filter>
    </ClCompile>
    <ClCompile Include="11727(2xn 타일링2).cpp">
      <Filter>소스 파일</Filter>
    </ClCompile>
    <ClCompile Include="3n+1 문제.cpp">
      <Filter>소스 파일</Filter>
    </ClCompile>
    <ClCompile Include="6-3 소풍(재귀함수).cpp">
      <Filter>소스 파일</Filter>
    </ClCompile>
    <ClCompile Include="111.cpp">
      <Filter>소스 파일</Filter>
    </ClCompile>
    <ClCompile Include="1012(유기농 배추).cpp">
      <Filter>소스 파일</Filter>
    </ClCompile>
    <ClCompile Include="1016(제곱수ㄴㄴ).cpp">
      <Filter>소스 파일</Filter>
    </ClCompile>
    <ClCompile Include="1019(책 페이지) - 2.cpp">
      <Filter>소스 파일</Filter>
    </ClCompile>
    <ClCompile Include="1026(보물).cpp">
      <Filter>소스 파일</Filter>
    </ClCompile>
    <ClCompile Include="1032(명령 프롬프트).cpp">
      <Filter>소스 파일</Filter>
    </ClCompile>
    <ClCompile Include="1076(저항).cpp">
      <Filter>소스 파일</Filter>
    </ClCompile>
    <ClCompile Include="1110(더하기 사이클2).cpp">
      <Filter>소스 파일</Filter>
    </ClCompile>
    <ClCompile Include="1110(더하기 사이클3).cpp">
      <Filter>소스 파일</Filter>
    </ClCompile>
    <ClCompile Include="1110(더히기 사이클) - 2.cpp">
      <Filter>소스 파일</Filter>
    </ClCompile>
    <ClCompile Include="1111(IQ Test2).cpp">
      <Filter>소스 파일</Filter>
    </ClCompile>
    <ClCompile Include="1152(단어의 개수).cpp">
      <Filter>소스 파일</Filter>
    </ClCompile>
    <ClCompile Include="1157(단어 공부).cpp">
      <Filter>소스 파일</Filter>
    </ClCompile>
    <ClCompile Include="1181(단어 정렬).cpp">
      <Filter>소스 파일</Filter>
    </ClCompile>
    <ClCompile Include="1188(음식 평론가).cpp">
      <Filter>소스 파일</Filter>
    </ClCompile>
    <ClCompile Include="1244(스위치 켜고 끄기).cpp">
      <Filter>소스 파일</Filter>
    </ClCompile>
    <ClCompile Include="1260(DFS와 BFS).cpp">
      <Filter>소스 파일</Filter>
    </ClCompile>
    <ClCompile Include="1475(방 번호).cpp">
      <Filter>소스 파일</Filter>
    </ClCompile>
    <ClCompile Include="1764(듣보잡).cpp">
      <Filter>소스 파일</Filter>
    </ClCompile>
    <ClCompile Include="1789(수들의 합).cpp">
      <Filter>소스 파일</Filter>
    </ClCompile>
    <ClCompile Include="1837(암호제작).cpp">
      <Filter>소스 파일</Filter>
    </ClCompile>
    <ClCompile Include="1904(01타일).cpp">
      <Filter>소스 파일</Filter>
    </ClCompile>
    <ClCompile Include="1920(2진수 변환) - 코드업.cpp">
      <Filter>소스 파일</Filter>
    </ClCompile>
    <ClCompile Include="1924(2007년) - 사과 연관문제3.cpp">
      <Filter>소스 파일</Filter>
    </ClCompile>
    <ClCompile Include="1929(소수 구하기).cpp">
      <Filter>소스 파일</Filter>
    </ClCompile>
    <ClCompile Include="1978(소수 찾기).cpp">
      <Filter>소스 파일</Filter>
    </ClCompile>
    <ClCompile Include="1987(알파벳).cpp">
      <Filter>소스 파일</Filter>
    </ClCompile>
    <ClCompile Include="2010(플러그).cpp">
      <Filter>소스 파일</Filter>
    </ClCompile>
    <ClCompile Include="2019 - 막대기(정올 초등부 1번).cpp">
      <Filter>소스 파일</Filter>
    </ClCompile>
    <ClCompile Include="2019 - 막대기a(정올 총등부 1번).cpp">
      <Filter>소스 파일</Filter>
    </ClCompile>
    <ClCompile Include="2019 - 막대기b(정올 초등부 1번).cpp">
      <Filter>소스 파일</Filter>
    </ClCompile>
    <ClCompile Include="2019 - 양팔 저울(정올 중등부 1번).cpp">
      <Filter>소스 파일</Filter>
    </ClCompile>
    <ClCompile Include="2019 - 양팔 저울2(정올 중등부 1번).cpp">
      <Filter>소스 파일</Filter>
    </ClCompile>
    <ClCompile Include="2019 - 회문(정올 초등부 2번).cpp">
      <Filter>소스 파일</Filter>
    </ClCompile>
    <ClCompile Include="2019 정올 2차 초등 1번 - 369.cpp">
      <Filter>소스 파일</Filter>
    </ClCompile>
    <ClCompile Include="2019 정올 2차 초등 2번 - 볼 모으기.cpp">
      <Filter>소스 파일</Filter>
    </ClCompile>
    <ClCompile Include="2309(일곱 난쟁이).cpp">
      <Filter>소스 파일</Filter>
    </ClCompile>
    <ClCompile Include="2438(별찍기1).cpp">
      <Filter>소스 파일</Filter>
    </ClCompile>
    <ClCompile Include="2439(별찍기2).cpp">
      <Filter>소스 파일</Filter>
    </ClCompile>
    <ClCompile Include="2440(별찍기3).cpp">
      <Filter>소스 파일</Filter>
    </ClCompile>
    <ClCompile Include="2441(별찍기4).cpp">
      <Filter>소스 파일</Filter>
    </ClCompile>
    <ClCompile Include="2467(용액) - 2010 초등부 1번.cpp">
      <Filter>소스 파일</Filter>
    </ClCompile>
    <ClCompile Include="2468(안전 영역) - 2010 정올 초등부 2번.cpp">
      <Filter>소스 파일</Filter>
    </ClCompile>
    <ClCompile Include="2470(두 용액) - 2010 중등부 1번.cpp">
      <Filter>소스 파일</Filter>
    </ClCompile>
    <ClCompile Include="2526(싸이클).cpp">
      <Filter>소스 파일</Filter>
    </ClCompile>
    <ClCompile Include="2531(회전초밥).cpp">
      <Filter>소스 파일</Filter>
    </ClCompile>
    <ClCompile Include="2549(루빅의 사각형) - 2009 정올 초등부 2번.cpp">
      <Filter>소스 파일</Filter>
    </ClCompile>
    <ClCompile Include="2573(빙산).cpp">
      <Filter>소스 파일</Filter>
    </ClCompile>
    <ClCompile Include="2577(숫자의 개수) - for문.cpp">
      <Filter>소스 파일</Filter>
    </ClCompile>
    <ClCompile Include="2577(숫자의 개수).cpp">
      <Filter>소스 파일</Filter>
    </ClCompile>
    <ClCompile Include="2583(영역 구하기).cpp">
      <Filter>소스 파일</Filter>
    </ClCompile>
    <ClCompile Include="2606(바이러스).cpp">
      <Filter>소스 파일</Filter>
    </ClCompile>
    <ClCompile Include="2609(최대공약수 최소공배수).cpp">
      <Filter>소스 파일</Filter>
    </ClCompile>
    <ClCompile Include="2624(동전 바꿔주기).cpp">
      <Filter>소스 파일</Filter>
    </ClCompile>
    <ClCompile Include="2628(종이 자르기).cpp">
      <Filter>소스 파일</Filter>
    </ClCompile>
    <ClCompile Include="2630(색종이 만들기) - 재귀함수.cpp">
      <Filter>소스 파일</Filter>
    </ClCompile>
    <ClCompile Include="2631(줄 세우기).cpp">
      <Filter>소스 파일</Filter>
    </ClCompile>
    <ClCompile Include="2635(수 이어가기).cpp">
      <Filter>소스 파일</Filter>
    </ClCompile>
    <ClCompile Include="2637(장난감 조립).cpp">
      <Filter>소스 파일</Filter>
    </ClCompile>
    <ClCompile Include="2638(치즈) - 2000 중등부 2번.cpp">
      <Filter>소스 파일</Filter>
    </ClCompile>
    <ClCompile Include="2667(단지번호붙이기) - 1996 초등부 1번.cpp">
      <Filter>소스 파일</Filter>
    </ClCompile>
    <ClCompile Include="2690(에라토스테네스의 체).cpp">
      <Filter>소스 파일</Filter>
    </ClCompile>
    <ClCompile Include="2750(수 정렬하기).cpp">
      <Filter>소스 파일</Filter>
    </ClCompile>
    <ClCompile Include="2752(세 수 정렬).cpp">
      <Filter>소스 파일</Filter>
    </ClCompile>
    <ClCompile Include="2823(유턴 싫어).cpp">
      <Filter>소스 파일</Filter>
    </ClCompile>
    <ClCompile Include="2839(설탕배달).cpp">
      <Filter>소스 파일</Filter>
    </ClCompile>
    <ClCompile Include="2839(설탕배달2).cpp">
      <Filter>소스 파일</Filter>
    </ClCompile>
    <ClCompile Include="2847(게임을 하는 동준이).cpp">
      <Filter>소스 파일</Filter>
    </ClCompile>
    <ClCompile Include="2857(FBI).cpp">
      <Filter>소스 파일</Filter>
    </ClCompile>
    <ClCompile Include="2869(달팽이는 올라가고 싶다).cpp">
      <Filter>소스 파일</Filter>
    </ClCompile>
    <ClCompile Include="2980(도로와 신호등).cpp">
      <Filter>소스 파일</Filter>
    </ClCompile>
    <ClCompile Include="2981(검문).cpp">
      <Filter>소스 파일</Filter>
    </ClCompile>
    <ClCompile Include="3052(나머지) - 사과 연관문제1.cpp">
      <Filter>소스 파일</Filter>
    </ClCompile>
    <ClCompile Include="3474(교수가 된 현우3).cpp">
      <Filter>소스 파일</Filter>
    </ClCompile>
    <ClCompile Include="4344(평균은 넘겠지) - 2.cpp">
      <Filter>소스 파일</Filter>
    </ClCompile>
    <ClCompile Include="4659(비밀번호 발음하기).cpp">
      <Filter>소스 파일</Filter>
    </ClCompile>
    <ClCompile Include="4673(셀프넘버).cpp">
      <Filter>소스 파일</Filter>
    </ClCompile>
    <ClCompile Include="4948(베르트랑의 공준).cpp">
      <Filter>소스 파일</Filter>
    </ClCompile>
    <ClCompile Include="4963(섬의 개수).cpp">
      <Filter>소스 파일</Filter>
    </ClCompile>
    <ClCompile Include="5397(키로거).cpp">
      <Filter>소스 파일</Filter>
    </ClCompile>
    <ClCompile Include="5585(거스름돈).cpp">
      <Filter>소스 파일</Filter>
    </ClCompile>
    <ClCompile Include="5598(카이사르 암호).cpp">
      <Filter>소스 파일</Filter>
    </ClCompile>
    <ClCompile Include="6321(IBM 빼기1).cpp">
      <Filter>소스 파일</Filter>
    </ClCompile>
    <ClCompile Include="6378(디지털 루트).cpp">
      <Filter>소스 파일</Filter>
    </ClCompile>
    <ClCompile Include="6679(싱기한 네 자리 숫자).cpp">
      <Filter>소스 파일</Filter>
    </ClCompile>
    <ClCompile Include="7567(그릇).cpp">
      <Filter>소스 파일</Filter>
    </ClCompile>
    <ClCompile Include="8983(사냥꾼).cpp">
      <Filter>소스 파일</Filter>
    </ClCompile>
    <ClCompile Include="8983(사냥꾼2).cpp">
      <Filter>소스 파일</Filter>
    </ClCompile>
    <ClCompile Include="8983(사냥꾼a).cpp">
      <Filter>소스 파일</Filter>
    </ClCompile>
    <ClCompile Include="8983(사냥꾼b).cpp">
      <Filter>소스 파일</Filter>
    </ClCompile>
    <ClCompile Include="9372(상근이의 여행).cpp">
      <Filter>소스 파일</Filter>
    </ClCompile>
    <ClCompile Include="9546(3000번 버스).cpp">
      <Filter>소스 파일</Filter>
    </ClCompile>
    <ClCompile Include="9935(문자열 폭발).cpp">
      <Filter>소스 파일</Filter>
    </ClCompile>
    <ClCompile Include="10026(적록색약).cpp">
      <Filter>소스 파일</Filter>
    </ClCompile>
    <ClCompile Include="10026(적록색약2).cpp">
      <Filter>소스 파일</Filter>
    </ClCompile>
    <ClCompile Include="10039(평균 점수).cpp">
      <Filter>소스 파일</Filter>
    </ClCompile>
    <ClCompile Include="10164(격자상의 경로).cpp">
      <Filter>소스 파일</Filter>
    </ClCompile>
    <ClCompile Include="10164(격자상의 경로2).cpp">
      <Filter>소스 파일</Filter>
    </ClCompile>
    <ClCompile Include="10164(격자상의 경로3).cpp">
      <Filter>소스 파일</Filter>
    </ClCompile>
    <ClCompile Include="10166(관중석).cpp">
      <Filter>소스 파일</Filter>
    </ClCompile>
    <ClCompile Include="10166(관중석2).cpp">
      <Filter>소스 파일</Filter>
    </ClCompile>
    <ClCompile Include="10804(카드 역배치).cpp">
      <Filter>소스 파일</Filter>
    </ClCompile>
    <ClCompile Include="10814(나이순 정렬).cpp">
      <Filter>소스 파일</Filter>
    </ClCompile>
    <ClCompile Include="10833(사과).cpp">
      <Filter>소스 파일</Filter>
    </ClCompile>
    <ClCompile Include="10834(벨트2 A).cpp">
      <Filter>소스 파일</Filter>
    </ClCompile>
    <ClCompile Include="10834(벨트2 B).cpp">
      <Filter>소스 파일</Filter>
    </ClCompile>
    <ClCompile Include="10834(벨트2).cpp">
      <Filter>소스 파일</Filter>
    </ClCompile>
    <ClCompile Include="10834(벨트a).cpp">
      <Filter>소스 파일</Filter>
    </ClCompile>
    <ClCompile Include="10834(벨트b).cpp">
      <Filter>소스 파일</Filter>
    </ClCompile>
    <ClCompile Include="10835(카드게임) - 2015 초등 3번 중등 2번.cpp">
      <Filter>소스 파일</Filter>
    </ClCompile>
    <ClCompile Include="10836(여왕벌) - 2015년 초등 4번.cpp">
      <Filter>소스 파일</Filter>
    </ClCompile>
    <ClCompile Include="10837(동전 게임).cpp">
      <Filter>소스 파일</Filter>
    </ClCompile>
    <ClCompile Include="10872(팩토리얼).cpp">
      <Filter>소스 파일</Filter>
    </ClCompile>
    <ClCompile Include="11403(경로 찾기).cpp">
      <Filter>소스 파일</Filter>
    </ClCompile>
    <ClCompile Include="11403(경로 찾기2).cpp">
      <Filter>소스 파일</Filter>
    </ClCompile>
    <ClCompile Include="13300(방 배정).cpp">
      <Filter>소스 파일</Filter>
    </ClCompile>
    <ClCompile Include="13300(방 배정a).cpp">
      <Filter>소스 파일</Filter>
    </ClCompile>
    <ClCompile Include="13300(방 배정b).cpp">
      <Filter>소스 파일</Filter>
    </ClCompile>
    <ClCompile Include="13301(타일 장식물2).cpp">
      <Filter>소스 파일</Filter>
    </ClCompile>
    <ClCompile Include="13301(타일 장식물a).cpp">
      <Filter>소스 파일</Filter>
    </ClCompile>
    <ClCompile Include="13301(타일 장식물b).cpp">
      <Filter>소스 파일</Filter>
    </ClCompile>
    <ClCompile Include="13302(리조트).cpp">
      <Filter>소스 파일</Filter>
    </ClCompile>
    <ClCompile Include="13303(장애물 경기).cpp">
      <Filter>소스 파일</Filter>
    </ClCompile>
    <ClCompile Include="13304(방 배정 - 중등).cpp">
      <Filter>소스 파일</Filter>
    </ClCompile>
    <ClCompile Include="13304(방 배정 - 중등2).cpp">
      <Filter>소스 파일</Filter>
    </ClCompile>
    <ClCompile Include="13305(주유소) - 2016 정올 중등부.cpp">
      <Filter>소스 파일</Filter>
    </ClCompile>
    <ClCompile Include="14502(연구소).cpp">
      <Filter>소스 파일</Filter>
    </ClCompile>
    <ClCompile Include="14696(딱지놀이).cpp">
      <Filter>소스 파일</Filter>
    </ClCompile>
    <ClCompile Include="14696(딱지놀이a).cpp">
      <Filter>소스 파일</Filter>
    </ClCompile>
    <ClCompile Include="14696(딱지놀이b).cpp">
      <Filter>소스 파일</Filter>
    </ClCompile>
    <ClCompile Include="14697(방 배정하기).cpp">
      <Filter>소스 파일</Filter>
    </ClCompile>
    <ClCompile Include="14697(방 배정하기a).cpp">
      <Filter>소스 파일</Filter>
    </ClCompile>
    <ClCompile Include="14697(방 배정하기b).cpp">
      <Filter>소스 파일</Filter>
    </ClCompile>
    <ClCompile Include="14863(서울에서 경산까지) - 4.cpp">
      <Filter>소스 파일</Filter>
    </ClCompile>
    <ClCompile Include="14863(서울에서 경산까지) - 5.cpp">
      <Filter>소스 파일</Filter>
    </ClCompile>
    <ClCompile Include="14863(서울에서 경산까지).cpp">
      <Filter>소스 파일</Filter>
    </ClCompile>
    <ClCompile Include="14864(줄서기) - 2017년 정올 초등부 4번.cpp">
      <Filter>소스 파일</Filter>
    </ClCompile>
    <ClCompile Include="14865(곡선 자르기).cpp">
      <Filter>소스 파일</Filter>
    </ClCompile>
    <ClCompile Include="14865(곡선 자르기2).cpp">
      <Filter>소스 파일</Filter>
    </ClCompile>
    <ClCompile Include="14866(산만한 고양이).cpp">
      <Filter>소스 파일</Filter>
    </ClCompile>
    <ClCompile Include="14920(3n+1 수열).cpp">
      <Filter>소스 파일</Filter>
    </ClCompile>
    <ClCompile Include="15780(멀티탭 충분하니).cpp">
      <Filter>소스 파일</Filter>
    </ClCompile>
    <ClCompile Include="15781(헬맷과 조끼).cpp">
      <Filter>소스 파일</Filter>
    </ClCompile>
    <ClCompile Include="15969(행복).cpp">
      <Filter>소스 파일</Filter>
    </ClCompile>
    <ClCompile Include="15970(화살표 그리기).cpp">
      <Filter>소스 파일</Filter>
    </ClCompile>
    <ClCompile Include="15970(화살표 그리기a).cpp">
      <Filter>소스 파일</Filter>
    </ClCompile>
    <ClCompile Include="15970(화살표 그리기b).cpp">
      <Filter>소스 파일</Filter>
    </ClCompile>
    <ClCompile Include="15971(두 로봇).cpp">
      <Filter>소스 파일</Filter>
    </ClCompile>
    <ClCompile Include="15971(두 로봇2).cpp">
      <Filter>소스 파일</Filter>
    </ClCompile>
    <ClCompile Include="15973(두 박스).cpp">
      <Filter>소스 파일</Filter>
    </ClCompile>
    <ClCompile Include="17610(양팔저울).cpp">
      <Filter>소스 파일</Filter>
    </ClCompile>
    <ClCompile Include="17618(신기한 수) - 2019 정올 2차 중등부 1번.cpp">
      <Filter>소스 파일</Filter>
    </ClCompile>
    <ClCompile Include="18436(수열과 쿼리 37).cpp">
      <Filter>소스 파일</Filter>
    </ClCompile>
    <ClCompile Include="29947(나무조각).cpp">
      <Filter>소스 파일</Filter>
    </ClCompile>
    <ClCompile Include="LCD 디스플레이(백준 2290번과 유사).cpp">
      <Filter>소스 파일</Filter>
    </ClCompile>
    <ClCompile Include="산업기사(완전수).cpp">
      <Filter>소스 파일</Filter>
    </ClCompile>
    <ClCompile Include="약수.cpp">
      <Filter>소스 파일</Filter>
    </ClCompile>
    <ClCompile Include="지뢰 찾기(Minesweeping).cpp">
      <Filter>소스 파일</Filter>
    </ClCompile>
    <ClCompile Include="최대공약수_최소공배수.cpp">
      <Filter>소스 파일</Filter>
    </ClCompile>
    <ClCompile Include="카드게임(정올 2015 3번).cpp">
      <Filter>소스 파일</Filter>
    </ClCompile>
    <ClCompile Include="회문(2019 초등부 1차 2번).cpp">
      <Filter>소스 파일</Filter>
    </ClCompile>
    <ClCompile Include="1926(그림).cpp">
      <Filter>소스 파일</Filter>
    </ClCompile>
    <ClCompile Include="1405(미친 로봇).cpp">
      <Filter>소스 파일</Filter>
    </ClCompile>
    <ClCompile Include="1325(효율적인 해킹).cpp">
      <Filter>소스 파일</Filter>
    </ClCompile>
    <ClCompile Include="7562(나이트 이동).cpp">
      <Filter>소스 파일</Filter>
    </ClCompile>
    <ClCompile Include="7562(나이트 이동2).cpp">
      <Filter>소스 파일</Filter>
    </ClCompile>
    <ClCompile Include="2178(미로 탐색).cpp">
      <Filter>소스 파일</Filter>
    </ClCompile>
    <ClCompile Include="13023(ABCDE).cpp">
      <Filter>소스 파일</Filter>
    </ClCompile>
    <ClCompile Include="1759(암호 만들기).cpp">
      <Filter>소스 파일</Filter>
    </ClCompile>
    <ClCompile Include="2458(키 순서).cpp">
      <Filter>소스 파일</Filter>
    </ClCompile>
    <ClCompile Include="2668(숫자고르기).cpp">
      <Filter>소스 파일</Filter>
    </ClCompile>
    <ClCompile Include="5639(이진 검색 트리).cpp">
      <Filter>소스 파일</Filter>
    </ClCompile>
    <ClCompile Include="1743(음식물 피하기).cpp">
      <Filter>소스 파일</Filter>
    </ClCompile>
    <ClCompile Include="1761(정점들의 거리).cpp">
      <Filter>소스 파일</Filter>
    </ClCompile>
    <ClCompile Include="3109(빵집).cpp">
      <Filter>소스 파일</Filter>
    </ClCompile>
    <ClCompile Include="19941(햄버거 분배) - 2020 1차 중등부 1번.cpp">
      <Filter>소스 파일</Filter>
    </ClCompile>
    <ClCompile Include="19942%28다이어트%29 - 2020년 정올1차 중등부 2번.cpp">
      <Filter>소스 파일</Filter>
    </ClCompile>
    <ClCompile Include="19939(박 터뜨리기) - 2020 정올1차 고등부 1번.cpp">
      <Filter>소스 파일</Filter>
    </ClCompile>
    <ClCompile Include="19940(피자 오븐) - 2020년 1차대회 초등부 2번.cpp">
      <Filter>소스 파일</Filter>
    </ClCompile>
    <ClCompile Include="17616(등수 찾기) - 2019 2차 대회 초등부 3번.cpp">
      <Filter>소스 파일</Filter>
    </ClCompile>
    <ClCompile Include="17619(개구리 점프2) - 2019 2차 중등부 2번.cpp">
      <Filter>소스 파일</Filter>
    </ClCompile>
    <ClCompile Include="17619(개구리 점프) - 2019 2차대회 중등부 2번.cpp">
      <Filter>소스 파일</Filter>
    </ClCompile>
    <ClCompile Include="14863(서울에서 경산까지) - 2017 초등부 3번.cpp">
      <Filter>소스 파일</Filter>
    </ClCompile>
    <ClCompile Include="14864%28줄서기2%29 - 2017 정올 중등부 3번.cpp">
      <Filter>소스 파일</Filter>
    </ClCompile>
    <ClCompile Include="1717(집합의 표현).cpp">
      <Filter>소스 파일</Filter>
    </ClCompile>
    <ClCompile Include="1976(여행 가자).cpp">
      <Filter>소스 파일</Filter>
    </ClCompile>
    <ClCompile Include="9938%28방 청소%29.cpp">
      <Filter>소스 파일</Filter>
    </ClCompile>
    <ClCompile Include="2606(바이러스) - union-find.cpp">
      <Filter>소스 파일</Filter>
    </ClCompile>
    <ClCompile Include="10775(공항).cpp">
      <Filter>소스 파일</Filter>
    </ClCompile>
    <ClCompile Include="4195(친구 네트워크).cpp">
      <Filter>소스 파일</Filter>
    </ClCompile>
    <ClCompile Include="11726(2 x 1 타일링) - 2.cpp">
      <Filter>소스 파일</Filter>
    </ClCompile>
    <ClCompile Include="11727(2 x n 타일링2).cpp">
      <Filter>소스 파일</Filter>
    </ClCompile>
    <ClCompile Include="2133(타일 채우기).cpp">
      <Filter>소스 파일</Filter>
    </ClCompile>
    <ClCompile Include="14852(타일 채우기3).cpp">
      <Filter>소스 파일</Filter>
    </ClCompile>
    <ClCompile Include="9095(1,2,3 더하기) - 2.cpp">
      <Filter>소스 파일</Filter>
    </ClCompile>
    <ClCompile Include="14863(서울에서 경산까지)-5.cpp">
      <Filter>소스 파일</Filter>
    </ClCompile>
    <ClCompile Include="20186%28수 고르기%29 - 2020 정올 2차 초등부 1번.cpp">
      <Filter>소스 파일</Filter>
    </ClCompile>
    <ClCompile Include="2548(대표 자연수) - 정올 2009 초등부1번.cpp">
      <Filter>소스 파일</Filter>
    </ClCompile>
    <ClCompile Include="2551(두 대표 자연수) - 정올 2009 중등부 1번.cpp">
      <Filter>소스 파일</Filter>
    </ClCompile>
    <ClCompile Include="2548(대표 자연수2) - 정올 2009 초등 1번.cpp">
      <Filter>소스 파일</Filter>
    </ClCompile>
    <ClCompile Include="11441(합 구하기).cpp">
      <Filter>소스 파일</Filter>
    </ClCompile>
    <ClCompile Include="16507(어두운 건 무서워).cpp">
      <Filter>소스 파일</Filter>
    </ClCompile>
    <ClCompile Include="16139(인간-컴퓨터 상호작용).cpp">
      <Filter>소스 파일</Filter>
    </ClCompile>
    <ClCompile Include="9625(BABBA).cpp">
      <Filter>소스 파일</Filter>
    </ClCompile>
    <ClCompile Include="2302(극장 좌석) - 정올 2005 초등부 3번.cpp">
      <Filter>소스 파일</Filter>
    </ClCompile>
    <ClCompile Include="2579(계단 오르기) - 정올 2006년 지역본선 초등부 4번.cpp">
      <Filter>소스 파일</Filter>
    </ClCompile>
    <ClCompile Include="2156(포도주 시식).cpp">
      <Filter>소스 파일</Filter>
    </ClCompile>
    <ClCompile Include="10844(쉬운 계단 수).cpp">
      <Filter>소스 파일</Filter>
    </ClCompile>
    <ClCompile Include="11507(오르막 수).cpp">
      <Filter>소스 파일</Filter>
    </ClCompile>
    <ClCompile Include="1010(다리 놓기).cpp">
      <Filter>소스 파일</Filter>
    </ClCompile>
    <ClCompile Include="2208(보석 줍기).cpp">
      <Filter>소스 파일</Filter>
    </ClCompile>
    <ClCompile Include="11066(파일 합치기).cpp">
      <Filter>소스 파일</Filter>
    </ClCompile>
    <ClCompile Include="1149(RGB거리).cpp">
      <Filter>소스 파일</Filter>
    </ClCompile>
    <ClCompile Include="2565%28전깃줄%29 - 정올 2007 초등 4번.cpp">
      <Filter>소스 파일</Filter>
    </ClCompile>
    <ClCompile Include="1912(연속합).cpp">
      <Filter>소스 파일</Filter>
    </ClCompile>
    <ClCompile Include="1049(기타줄).cpp">
      <Filter>소스 파일</Filter>
    </ClCompile>
    <ClCompile Include="2437(저울).cpp">
      <Filter>소스 파일</Filter>
    </ClCompile>
    <ClCompile Include="1333(부재중 전화).cpp">
      <Filter>소스 파일</Filter>
    </ClCompile>
    <ClCompile Include="1931(회의실 배정).cpp">
      <Filter>소스 파일</Filter>
    </ClCompile>
    <ClCompile Include="2217(로프).cpp">
      <Filter>소스 파일</Filter>
    </ClCompile>
    <ClCompile Include="1744(수 묶기).cpp">
      <Filter>소스 파일</Filter>
    </ClCompile>
    <ClCompile Include="2632(피자판매).cpp">
      <Filter>소스 파일</Filter>
    </ClCompile>
    <ClCompile Include="2615(오목).cpp">
      <Filter>소스 파일</Filter>
    </ClCompile>
    <ClCompile Include="21756(지우개) - 2021 정올 초등부 1번.cpp">
      <Filter>소스 파일</Filter>
    </ClCompile>
    <ClCompile Include="21757(나누기) - 2021 정올 초등부 2번.cpp">
      <Filter>소스 파일</Filter>
    </ClCompile>
    <ClCompile Include="21758(꿀 따기) - 2021 정올 중등 1번.cpp">
      <Filter>소스 파일</Filter>
    </ClCompile>
    <ClCompile Include="1965(상자넣기).cpp">
      <Filter>소스 파일</Filter>
    </ClCompile>
    <ClCompile Include="12865(평범한 배낭).cpp">
      <Filter>소스 파일</Filter>
    </ClCompile>
    <ClCompile Include="2512(예산).cpp">
      <Filter>소스 파일</Filter>
    </ClCompile>
    <ClCompile Include="2776(암기왕).cpp">
      <Filter>소스 파일</Filter>
    </ClCompile>
    <ClCompile Include="2798(블랙잭).cpp">
      <Filter>소스 파일</Filter>
    </ClCompile>
    <ClCompile Include="2606(바이러스) - 2.cpp">
      <Filter>소스 파일</Filter>
    </ClCompile>
    <ClCompile Include="1260(DFS와 BFS) - 2.cpp">
      <Filter>소스 파일</Filter>
    </ClCompile>
    <ClCompile Include="2644(촌수계산).cpp">
      <Filter>소스 파일</Filter>
    </ClCompile>
    <ClCompile Include="2525(오븐 시계).cpp">
      <Filter>소스 파일</Filter>
    </ClCompile>
    <ClCompile Include="2884(알람 시계).cpp">
      <Filter>소스 파일</Filter>
    </ClCompile>
    <ClCompile Include="10162(전자레인지).cpp">
      <Filter>소스 파일</Filter>
    </ClCompile>
    <ClCompile Include="2490(윷놀이).cpp">
      <Filter>소스 파일</Filter>
    </ClCompile>
    <ClCompile Include="2587(대표값2).cpp">
      <Filter>소스 파일</Filter>
    </ClCompile>
    <ClCompile Include="2576(홀수).cpp">
      <Filter>소스 파일</Filter>
    </ClCompile>
    <ClCompile Include="1037(약수) - 2.cpp">
      <Filter>소스 파일</Filter>
    </ClCompile>
    <ClCompile Include="일정한 규칙.cpp">
      <Filter>소스 파일</Filter>
    </ClCompile>
    <ClCompile Include="2526(싸이클) - 2.cpp">
      <Filter>소스 파일</Filter>
    </ClCompile>
    <ClCompile Include="7568(덩치).cpp">
      <Filter>소스 파일</Filter>
    </ClCompile>
    <ClCompile Include="2563(색종이).cpp">
      <Filter>소스 파일</Filter>
    </ClCompile>
    <ClCompile Include="2669(직사각형 네 개의 합집합의 면적 구하기).cpp">
      <Filter>소스 파일</Filter>
    </ClCompile>
    <ClCompile Include="10163(색종이).cpp">
      <Filter>소스 파일</Filter>
    </ClCompile>
    <ClCompile Include="2231(분해합).cpp">
      <Filter>소스 파일</Filter>
    </ClCompile>
    <ClCompile Include="10801(카드 게임).cpp">
      <Filter>소스 파일</Filter>
    </ClCompile>
    <ClCompile Include="2511(카드놀이).cpp">
      <Filter>소스 파일</Filter>
    </ClCompile>
    <ClCompile Include="10798%28세로읽기%29 - string.cpp">
      <Filter>소스 파일</Filter>
    </ClCompile>
    <ClCompile Include="10978(세로읽기) - char.cpp">
      <Filter>소스 파일</Filter>
    </ClCompile>
    <ClCompile Include="2303(숫자 게임).cpp">
      <Filter>소스 파일</Filter>
    </ClCompile>
    <ClCompile Include="11053(가장 긴 증가하는 부분 수열).cpp">
      <Filter>소스 파일</Filter>
    </ClCompile>
    <ClCompile Include="11722(가장 긴 감소하는 부분 수열).cpp">
      <Filter>소스 파일</Filter>
    </ClCompile>
    <ClCompile Include="11055(가장 큰 증가 부분 수열).cpp">
      <Filter>소스 파일</Filter>
    </ClCompile>
    <ClCompile Include="14002(가장 긴 증가하는 부분 수열 4).cpp">
      <Filter>소스 파일</Filter>
    </ClCompile>
    <ClCompile Include="12015(가장 긴 증가하는 부분 수열 2).cpp">
      <Filter>소스 파일</Filter>
    </ClCompile>
    <ClCompile Include="22341(사각형 면적).cpp">
      <Filter>소스 파일</Filter>
    </ClCompile>
    <ClCompile Include="2655(가장높은탑쌓기).cpp">
      <Filter>소스 파일</Filter>
    </ClCompile>
    <ClCompile Include="2651(자동차경주대회).cpp">
      <Filter>소스 파일</Filter>
    </ClCompile>
    <ClCompile Include="1713(후보 추천하기).cpp">
      <Filter>소스 파일</Filter>
    </ClCompile>
    <ClCompile Include="2650(교차점개수).cpp">
      <Filter>소스 파일</Filter>
    </ClCompile>
    <ClCompile Include="2751(수 정렬하기 2).cpp">
      <Filter>소스 파일</Filter>
    </ClCompile>
    <ClCompile Include="11650(좌표 정렬하기).cpp">
      <Filter>소스 파일</Filter>
    </ClCompile>
    <ClCompile Include="15975(화살표 그리기).cpp">
      <Filter>소스 파일</Filter>
    </ClCompile>
    <ClCompile Include="3273(두 수의 합).cpp">
      <Filter>소스 파일</Filter>
    </ClCompile>
    <ClCompile Include="1940(주몽).cpp">
      <Filter>소스 파일</Filter>
    </ClCompile>
    <ClCompile Include="2230(수 고르기).cpp">
      <Filter>소스 파일</Filter>
    </ClCompile>
    <ClCompile Include="2003(수들의 합2).cpp">
      <Filter>소스 파일</Filter>
    </ClCompile>
    <ClCompile Include="8979(올림픽).cpp">
      <Filter>소스 파일</Filter>
    </ClCompile>
    <ClCompile Include="2659(십자카드 문제).cpp">
      <Filter>소스 파일</Filter>
    </ClCompile>
    <ClCompile Include="1268(임시 반장 정하기).cpp">
      <Filter>소스 파일</Filter>
    </ClCompile>
    <ClCompile Include="2456(나는 학급회장이다).cpp">
      <Filter>소스 파일</Filter>
    </ClCompile>
    <ClCompile Include="2456(나는 학급회장이다) - 2.cpp">
      <Filter>소스 파일</Filter>
    </ClCompile>
    <ClCompile Include="17615(볼 모으기).cpp">
      <Filter>소스 파일</Filter>
    </ClCompile>
    <ClCompile Include="2607(비슷한 단어).cpp">
      <Filter>소스 파일</Filter>
    </ClCompile>
    <ClCompile Include="10799(쇠막대기).cpp">
      <Filter>소스 파일</Filter>
    </ClCompile>
    <ClCompile Include="3495(아스키 도형).cpp">
      <Filter>소스 파일</Filter>
    </ClCompile>
    <ClCompile Include="1806(부분합).cpp">
      <Filter>소스 파일</Filter>
    </ClCompile>
    <ClCompile Include="2161%28카드1%29.cpp">
      <Filter>소스 파일</Filter>
    </ClCompile>
    <ClCompile Include="1158(요세푸스 문제).cpp">
      <Filter>소스 파일</Filter>
    </ClCompile>
    <ClCompile Include="16564.cpp">
      <Filter>소스 파일</Filter>
    </ClCompile>
    <ClCompile Include="1654(렌선 자르기).cpp">
      <Filter>소스 파일</Filter>
    </ClCompile>
    <ClCompile Include="22345(누적 거리).cpp">
      <Filter>소스 파일</Filter>
    </ClCompile>
    <ClCompile Include="2631(줄세우기).cpp">
      <Filter>소스 파일</Filter>
    </ClCompile>
    <ClCompile Include="7570(줄 세우기).cpp">
      <Filter>소스 파일</Filter>
    </ClCompile>
    <ClCompile Include="11053(가장 긴 증가하는 부분 수열) - 2.cpp">
      <Filter>소스 파일</Filter>
    </ClCompile>
    <ClCompile Include="11722(가장 긴 감소하는 부분 수열) - 2.cpp">
      <Filter>소스 파일</Filter>
    </ClCompile>
    <ClCompile Include="11055%28가장 큰 증가 부분 수열%29 - 2.cpp">
      <Filter>소스 파일</Filter>
    </ClCompile>
    <ClCompile Include="14002(가장 긴 증가하는 부분 수열 4) - 2.cpp">
      <Filter>소스 파일</Filter>
    </ClCompile>
    <ClCompile Include="12015(가장 긴 증가하는 부분 수열 2) - 2.cpp">
      <Filter>소스 파일</Filter>
    </ClCompile>
  </ItemGroup>
</Project>